
Microsoft Visual Studio Solution File, Format Version 12.00
# Visual Studio 15
VisualStudioVersion = 15.0.27703.2047
MinimumVisualStudioVersion = 10.0.40219.1
Project("{FAE04EC0-301F-11D3-BF4B-00C04F79EFBC}") = "FrontendCarlosBastidas", "FrontendCarlosBastidas\FrontendCarlosBastidas.csproj", "{9FFCCB54-228D-4802-919E-1D193777494C}"
EndProject
Global
	GlobalSection(SolutionConfigurationPlatforms) = preSolution
		Debug|Any CPU = Debug|Any CPU
		Release|Any CPU = Release|Any CPU
	EndGlobalSection
	GlobalSection(ProjectConfigurationPlatforms) = postSolution
		{9FFCCB54-228D-4802-919E-1D193777494C}.Debug|Any CPU.ActiveCfg = Debug|Any CPU
		{9FFCCB54-228D-4802-919E-1D193777494C}.Debug|Any CPU.Build.0 = Debug|Any CPU
		{9FFCCB54-228D-4802-919E-1D193777494C}.Release|Any CPU.ActiveCfg = Release|Any CPU
		{9FFCCB54-228D-4802-919E-1D193777494C}.Release|Any CPU.Build.0 = Release|Any CPU
	EndGlobalSection
	GlobalSection(SolutionProperties) = preSolution
		HideSolutionNode = FALSE
	EndGlobalSection
	GlobalSection(ExtensibilityGlobals) = postSolution
		SolutionGuid = {2ED6A2E9-D1ED-49CB-8B87-CEBC849ACC29}
	EndGlobalSection
EndGlobal
